
Microsoft Visual Studio Solution File, Format Version 12.00
# Visual Studio Version 16
VisualStudioVersion = 16.0.29613.14
MinimumVisualStudioVersion = 10.0.40219.1
Project("{FAE04EC0-301F-11D3-BF4B-00C04F79EFBC}") = "AzureRemoteDesktopStatus", "AzureRemoteDesktopStatus\AzureRemoteDesktopStatus.csproj", "{F75DBE4D-44D4-46A4-B55E-65621D11458A}"
EndProject
Global
	GlobalSection(SolutionConfigurationPlatforms) = preSolution
		Debug|Any CPU = Debug|Any CPU
		Release|Any CPU = Release|Any CPU
	EndGlobalSection
	GlobalSection(ProjectConfigurationPlatforms) = postSolution
		{F75DBE4D-44D4-46A4-B55E-65621D11458A}.Debug|Any CPU.ActiveCfg = Debug|Any CPU
		{F75DBE4D-44D4-46A4-B55E-65621D11458A}.Debug|Any CPU.Build.0 = Debug|Any CPU
		{F75DBE4D-44D4-46A4-B55E-65621D11458A}.Release|Any CPU.ActiveCfg = Release|Any CPU
		{F75DBE4D-44D4-46A4-B55E-65621D11458A}.Release|Any CPU.Build.0 = Release|Any CPU
	EndGlobalSection
	GlobalSection(SolutionProperties) = preSolution
		HideSolutionNode = FALSE
	EndGlobalSection
	GlobalSection(ExtensibilityGlobals) = postSolution
		SolutionGuid = {E2166977-5C61-4757-980E-567EDA2519FF}
	EndGlobalSection
EndGlobal
